
Microsoft Visual Studio Solution File, Format Version 12.00
# Visual Studio Version 16
VisualStudioVersion = 16.6.30114.105
MinimumVisualStudioVersion = 10.0.40219.1
Project("{2150E333-8FDC-42A3-9474-1A3956D46DE8}") = "src", "src", "{54A6FD9B-517D-4E36-8AE2-D53C4993E1FA}"
EndProject
Project("{FAE04EC0-301F-11D3-BF4B-00C04F79EFBC}") = "Worker", "src\Worker\Worker.csproj", "{34BC0063-A7A7-477D-94A7-F09E0A3238A9}"
EndProject
Project("{9A19103F-16F7-4668-BE54-9A1E7A4F7556}") = "Blizzard.WoWClassic.ApiClient", "src\blizzard-wow-classic-api\src\Blizzard.WoWClassic.ApiClient\Blizzard.WoWClassic.ApiClient.csproj", "{DB0113D3-19EA-4065-A4E2-2DD0A0D7B185}"
EndProject
Project("{9A19103F-16F7-4668-BE54-9A1E7A4F7556}") = "Blizzard.WoWClassic.ApiContract", "src\blizzard-wow-classic-api\src\Blizzard.WoWClassic.ApiContract\Blizzard.WoWClassic.ApiContract.csproj", "{27D02D1A-60F7-4C8F-851A-29BD48B34936}"
EndProject
Project("{2150E333-8FDC-42A3-9474-1A3956D46DE8}") = "Solution Items", "Solution Items", "{7E74628E-0101-435A-9CE7-609BDBD2F62E}"
	ProjectSection(SolutionItems) = preProject
		azure-pipelines-ci.yml = azure-pipelines-ci.yml
		azure-pipelines.yml = azure-pipelines.yml
	EndProjectSection
EndProject
Global
	GlobalSection(SolutionConfigurationPlatforms) = preSolution
		Debug|Any CPU = Debug|Any CPU
		Debug|x64 = Debug|x64
		Debug|x86 = Debug|x86
		Release|Any CPU = Release|Any CPU
		Release|x64 = Release|x64
		Release|x86 = Release|x86
	EndGlobalSection
	GlobalSection(ProjectConfigurationPlatforms) = postSolution
		{34BC0063-A7A7-477D-94A7-F09E0A3238A9}.Debug|Any CPU.ActiveCfg = Debug|Any CPU
		{34BC0063-A7A7-477D-94A7-F09E0A3238A9}.Debug|Any CPU.Build.0 = Debug|Any CPU
		{34BC0063-A7A7-477D-94A7-F09E0A3238A9}.Debug|x64.ActiveCfg = Debug|Any CPU
		{34BC0063-A7A7-477D-94A7-F09E0A3238A9}.Debug|x64.Build.0 = Debug|Any CPU
		{34BC0063-A7A7-477D-94A7-F09E0A3238A9}.Debug|x86.ActiveCfg = Debug|Any CPU
		{34BC0063-A7A7-477D-94A7-F09E0A3238A9}.Debug|x86.Build.0 = Debug|Any CPU
		{34BC0063-A7A7-477D-94A7-F09E0A3238A9}.Release|Any CPU.ActiveCfg = Release|Any CPU
		{34BC0063-A7A7-477D-94A7-F09E0A3238A9}.Release|Any CPU.Build.0 = Release|Any CPU
		{34BC0063-A7A7-477D-94A7-F09E0A3238A9}.Release|x64.ActiveCfg = Release|Any CPU
		{34BC0063-A7A7-477D-94A7-F09E0A3238A9}.Release|x64.Build.0 = Release|Any CPU
		{34BC0063-A7A7-477D-94A7-F09E0A3238A9}.Release|x86.ActiveCfg = Release|Any CPU
		{34BC0063-A7A7-477D-94A7-F09E0A3238A9}.Release|x86.Build.0 = Release|Any CPU
		{DB0113D3-19EA-4065-A4E2-2DD0A0D7B185}.Debug|Any CPU.ActiveCfg = Debug|Any CPU
		{DB0113D3-19EA-4065-A4E2-2DD0A0D7B185}.Debug|Any CPU.Build.0 = Debug|Any CPU
		{DB0113D3-19EA-4065-A4E2-2DD0A0D7B185}.Debug|x64.ActiveCfg = Debug|Any CPU
		{DB0113D3-19EA-4065-A4E2-2DD0A0D7B185}.Debug|x64.Build.0 = Debug|Any CPU
		{DB0113D3-19EA-4065-A4E2-2DD0A0D7B185}.Debug|x86.ActiveCfg = Debug|Any CPU
		{DB0113D3-19EA-4065-A4E2-2DD0A0D7B185}.Debug|x86.Build.0 = Debug|Any CPU
		{DB0113D3-19EA-4065-A4E2-2DD0A0D7B185}.Release|Any CPU.ActiveCfg = Release|Any CPU
		{DB0113D3-19EA-4065-A4E2-2DD0A0D7B185}.Release|Any CPU.Build.0 = Release|Any CPU
		{DB0113D3-19EA-4065-A4E2-2DD0A0D7B185}.Release|x64.ActiveCfg = Release|Any CPU
		{DB0113D3-19EA-4065-A4E2-2DD0A0D7B185}.Release|x64.Build.0 = Release|Any CPU
		{DB0113D3-19EA-4065-A4E2-2DD0A0D7B185}.Release|x86.ActiveCfg = Release|Any CPU
		{DB0113D3-19EA-4065-A4E2-2DD0A0D7B185}.Release|x86.Build.0 = Release|Any CPU
		{27D02D1A-60F7-4C8F-851A-29BD48B34936}.Debug|Any CPU.ActiveCfg = Debug|Any CPU
		{27D02D1A-60F7-4C8F-851A-29BD48B34936}.Debug|Any CPU.Build.0 = Debug|Any CPU
		{27D02D1A-60F7-4C8F-851A-29BD48B34936}.Debug|x64.ActiveCfg = Debug|Any CPU
		{27D02D1A-60F7-4C8F-851A-29BD48B34936}.Debug|x64.Build.0 = Debug|Any CPU
		{27D02D1A-60F7-4C8F-851A-29BD48B34936}.Debug|x86.ActiveCfg = Debug|Any CPU
		{27D02D1A-60F7-4C8F-851A-29BD48B34936}.Debug|x86.Build.0 = Debug|Any CPU
		{27D02D1A-60F7-4C8F-851A-29BD48B34936}.Release|Any CPU.ActiveCfg = Release|Any CPU
		{27D02D1A-60F7-4C8F-851A-29BD48B34936}.Release|Any CPU.Build.0 = Release|Any CPU
		{27D02D1A-60F7-4C8F-851A-29BD48B34936}.Release|x64.ActiveCfg = Release|Any CPU
		{27D02D1A-60F7-4C8F-851A-29BD48B34936}.Release|x64.Build.0 = Release|Any CPU
		{27D02D1A-60F7-4C8F-851A-29BD48B34936}.Release|x86.ActiveCfg = Release|Any CPU
		{27D02D1A-60F7-4C8F-851A-29BD48B34936}.Release|x86.Build.0 = Release|Any CPU
	EndGlobalSection
	GlobalSection(SolutionProperties) = preSolution
		HideSolutionNode = FALSE
	EndGlobalSection
	GlobalSection(NestedProjects) = preSolution
		{34BC0063-A7A7-477D-94A7-F09E0A3238A9} = {54A6FD9B-517D-4E36-8AE2-D53C4993E1FA}
		{DB0113D3-19EA-4065-A4E2-2DD0A0D7B185} = {54A6FD9B-517D-4E36-8AE2-D53C4993E1FA}
		{27D02D1A-60F7-4C8F-851A-29BD48B34936} = {54A6FD9B-517D-4E36-8AE2-D53C4993E1FA}
	EndGlobalSection
	GlobalSection(ExtensibilityGlobals) = postSolution
		SolutionGuid = {964E5E31-F426-41FD-BF12-7CDEF013132E}
	EndGlobalSection
EndGlobal
